// !$*UTF8*$!
{
	archiveVersion = 1;
	classes = {
	};
	objectVersion = 46;
	objects = {

/* Begin PBXBuildFile section */
		4275A3AB1EC21C89005A2C4A /* main.m in Sources */ = {isa = PBXBuildFile; fileRef = 4275A3AA1EC21C89005A2C4A /* main.m */; };
		4275A3AE1EC21C89005A2C4A /* AppDelegate.m in Sources */ = {isa = PBXBuildFile; fileRef = 4275A3AD1EC21C89005A2C4A /* AppDelegate.m */; };
		4275A3B11EC21C89005A2C4A /* ViewController.m in Sources */ = {isa = PBXBuildFile; fileRef = 4275A3B01EC21C89005A2C4A /* ViewController.m */; };
		4275A3B41EC21C89005A2C4A /* Main.storyboard in Resources */ = {isa = PBXBuildFile; fileRef = 4275A3B21EC21C89005A2C4A /* Main.storyboard */; };
		4275A3B61EC21C89005A2C4A /* Assets.xcassets in Resources */ = {isa = PBXBuildFile; fileRef = 4275A3B51EC21C89005A2C4A /* Assets.xcassets */; };
		4275A3B91EC21C89005A2C4A /* LaunchScreen.storyboard in Resources */ = {isa = PBXBuildFile; fileRef = 4275A3B71EC21C89005A2C4A /* LaunchScreen.storyboard */; };
		4275A3C21EC21F17005A2C4A /* LearnOpenGLESViewController_1.m in Sources */ = {isa = PBXBuildFile; fileRef = 4275A3C11EC21F17005A2C4A /* LearnOpenGLESViewController_1.m */; };
		4275A3C51EC22025005A2C4A /* CustomShader.m in Sources */ = {isa = PBXBuildFile; fileRef = 4275A3C41EC22025005A2C4A /* CustomShader.m */; };
		4275A3C81EC228BC005A2C4A /* CustomGLKView.m in Sources */ = {isa = PBXBuildFile; fileRef = 4275A3C71EC228BC005A2C4A /* CustomGLKView.m */; };
		4275A3D21EC2387C005A2C4A /* TextureHelper.m in Sources */ = {isa = PBXBuildFile; fileRef = 4275A3D11EC2387C005A2C4A /* TextureHelper.m */; };
		BE4BC4FD1EC3FD8900A5ED74 /* vertextShader.glsl in Resources */ = {isa = PBXBuildFile; fileRef = BE4BC4FC1EC3FD8900A5ED74 /* vertextShader.glsl */; };
		BE4BC4FF1EC3FD9C00A5ED74 /* fragmentShader.glsl in Resources */ = {isa = PBXBuildFile; fileRef = BE4BC4FE1EC3FD9C00A5ED74 /* fragmentShader.glsl */; };
		BE4BC5011EC414AF00A5ED74 /* vs1.glsl in Resources */ = {isa = PBXBuildFile; fileRef = BE4BC5001EC414AF00A5ED74 /* vs1.glsl */; };
		BE4BC5031EC414B800A5ED74 /* fs1.glsl in Resources */ = {isa = PBXBuildFile; fileRef = BE4BC5021EC414B800A5ED74 /* fs1.glsl */; };
		BE4BC50A1EC41A2700A5ED74 /* LearnOpenGLESViewController_5.m in Sources */ = {isa = PBXBuildFile; fileRef = BE4BC5091EC41A2700A5ED74 /* LearnOpenGLESViewController_5.m */; };
		BE5F0E741EC47D9B0012E003 /* fragmentShader1.glsl in Resources */ = {isa = PBXBuildFile; fileRef = BE5F0E731EC47D9B0012E003 /* fragmentShader1.glsl */; };
		BE5F0E761EC47DA90012E003 /* vertextShader1.glsl in Resources */ = {isa = PBXBuildFile; fileRef = BE5F0E751EC47DA90012E003 /* vertextShader1.glsl */; };
		BE5F0E7C1EC4BF050012E003 /* LearnOpenGLESViewController_6.m in Sources */ = {isa = PBXBuildFile; fileRef = BE5F0E7B1EC4BF050012E003 /* LearnOpenGLESViewController_6.m */; };
		BE8D5B641EC30C99009AAE9A /* GLESMath.c in Sources */ = {isa = PBXBuildFile; fileRef = BE8D5B5E1EC30C99009AAE9A /* GLESMath.c */; };
		BE8D5B651EC30C99009AAE9A /* GLESUtils.m in Sources */ = {isa = PBXBuildFile; fileRef = BE8D5B611EC30C99009AAE9A /* GLESUtils.m */; };
		BE8D5B681EC31384009AAE9A /* LearnOpenGLESViewController_4.m in Sources */ = {isa = PBXBuildFile; fileRef = BE8D5B671EC31384009AAE9A /* LearnOpenGLESViewController_4.m */; };
		BEAE2CAF1EC44C1900F2528D /* pic2.png in Resources */ = {isa = PBXBuildFile; fileRef = BEAE2CAE1EC44C1900F2528D /* pic2.png */; };
		BEB779761EC5F13600708E0B /* pic.jpg in Resources */ = {isa = PBXBuildFile; fileRef = BEB779751EC5F13600708E0B /* pic.jpg */; };
		BECBD7CA1EC2B456003C8ADE /* LearnOpenGLESViewController_2.m in Sources */ = {isa = PBXBuildFile; fileRef = BECBD7C91EC2B456003C8ADE /* LearnOpenGLESViewController_2.m */; };
		BECBD7CD1EC2B90E003C8ADE /* LearnOpenGLESViewController_3.m in Sources */ = {isa = PBXBuildFile; fileRef = BECBD7CC1EC2B90E003C8ADE /* LearnOpenGLESViewController_3.m */; };
		BEEA8CAC1EC58D77001176FC /* vertexShader2.glsl in Resources */ = {isa = PBXBuildFile; fileRef = BEEA8CAB1EC58D77001176FC /* vertexShader2.glsl */; };
		BEEA8CAE1EC58DBC001176FC /* fragmentShader2.glsl in Resources */ = {isa = PBXBuildFile; fileRef = BEEA8CAD1EC58DBC001176FC /* fragmentShader2.glsl */; };
		BEEA8CB11EC5B856001176FC /* LearnOpenGLESViewController_7.m in Sources */ = {isa = PBXBuildFile; fileRef = BEEA8CB01EC5B856001176FC /* LearnOpenGLESViewController_7.m */; };
		BEEA8CB31EC5BA0E001176FC /* skybox0.png in Resources */ = {isa = PBXBuildFile; fileRef = BEEA8CB21EC5BA0E001176FC /* skybox0.png */; };
/* End PBXBuildFile section */

/* Begin PBXFileReference section */
		4275A3A61EC21C89005A2C4A /* LearnOpenGLES.app */ = {isa = PBXFileReference; explicitFileType = wrapper.application; includeInIndex = 0; path = LearnOpenGLES.app; sourceTree = BUILT_PRODUCTS_DIR; };
		4275A3AA1EC21C89005A2C4A /* main.m */ = {isa = PBXFileReference; lastKnownFileType = sourcecode.c.objc; path = main.m; sourceTree = "<group>"; };
		4275A3AC1EC21C89005A2C4A /* AppDelegate.h */ = {isa = PBXFileReference; lastKnownFileType = sourcecode.c.h; path = AppDelegate.h; sourceTree = "<group>"; };
		4275A3AD1EC21C89005A2C4A /* AppDelegate.m */ = {isa = PBXFileReference; lastKnownFileType = sourcecode.c.objc; path = AppDelegate.m; sourceTree = "<group>"; };
		4275A3AF1EC21C89005A2C4A /* ViewController.h */ = {isa = PBXFileReference; lastKnownFileType = sourcecode.c.h; path = ViewController.h; sourceTree = "<group>"; };
		4275A3B01EC21C89005A2C4A /* ViewController.m */ = {isa = PBXFileReference; lastKnownFileType = sourcecode.c.objc; path = ViewController.m; sourceTree = "<group>"; };
		4275A3B31EC21C89005A2C4A /* Base */ = {isa = PBXFileReference; lastKnownFileType = file.storyboard; name = Base; path = Base.lproj/Main.storyboard; sourceTree = "<group>"; };
		4275A3B51EC21C89005A2C4A /* Assets.xcassets */ = {isa = PBXFileReference; lastKnownFileType = folder.assetcatalog; path = Assets.xcassets; sourceTree = "<group>"; };
		4275A3B81EC21C89005A2C4A /* Base */ = {isa = PBXFileReference; lastKnownFileType = file.storyboard; name = Base; path = Base.lproj/LaunchScreen.storyboard; sourceTree = "<group>"; };
		4275A3BA1EC21C89005A2C4A /* Info.plist */ = {isa = PBXFileReference; lastKnownFileType = text.plist.xml; path = Info.plist; sourceTree = "<group>"; };
		4275A3C01EC21F17005A2C4A /* LearnOpenGLESViewController_1.h */ = {isa = PBXFileReference; fileEncoding = 4; lastKnownFileType = sourcecode.c.h; path = LearnOpenGLESViewController_1.h; sourceTree = "<group>"; };
		4275A3C11EC21F17005A2C4A /* LearnOpenGLESViewController_1.m */ = {isa = PBXFileReference; fileEncoding = 4; lastKnownFileType = sourcecode.c.objc; path = LearnOpenGLESViewController_1.m; sourceTree = "<group>"; };
		4275A3C31EC22025005A2C4A /* CustomShader.h */ = {isa = PBXFileReference; fileEncoding = 4; lastKnownFileType = sourcecode.c.h; path = CustomShader.h; sourceTree = "<group>"; };
		4275A3C41EC22025005A2C4A /* CustomShader.m */ = {isa = PBXFileReference; fileEncoding = 4; lastKnownFileType = sourcecode.c.objc; path = CustomShader.m; sourceTree = "<group>"; };
		4275A3C61EC228BC005A2C4A /* CustomGLKView.h */ = {isa = PBXFileReference; fileEncoding = 4; lastKnownFileType = sourcecode.c.h; path = CustomGLKView.h; sourceTree = "<group>"; };
		4275A3C71EC228BC005A2C4A /* CustomGLKView.m */ = {isa = PBXFileReference; fileEncoding = 4; lastKnownFileType = sourcecode.c.objc; path = CustomGLKView.m; sourceTree = "<group>"; };
		4275A3D01EC2387C005A2C4A /* TextureHelper.h */ = {isa = PBXFileReference; fileEncoding = 4; lastKnownFileType = sourcecode.c.h; path = TextureHelper.h; sourceTree = "<group>"; };
		4275A3D11EC2387C005A2C4A /* TextureHelper.m */ = {isa = PBXFileReference; fileEncoding = 4; lastKnownFileType = sourcecode.c.objc; path = TextureHelper.m; sourceTree = "<group>"; };
		BE4BC4FC1EC3FD8900A5ED74 /* vertextShader.glsl */ = {isa = PBXFileReference; fileEncoding = 4; lastKnownFileType = text; path = vertextShader.glsl; sourceTree = "<group>"; };
		BE4BC4FE1EC3FD9C00A5ED74 /* fragmentShader.glsl */ = {isa = PBXFileReference; fileEncoding = 4; lastKnownFileType = text; path = fragmentShader.glsl; sourceTree = "<group>"; };
		BE4BC5001EC414AF00A5ED74 /* vs1.glsl */ = {isa = PBXFileReference; fileEncoding = 4; lastKnownFileType = text; path = vs1.glsl; sourceTree = "<group>"; };
		BE4BC5021EC414B800A5ED74 /* fs1.glsl */ = {isa = PBXFileReference; fileEncoding = 4; lastKnownFileType = text; path = fs1.glsl; sourceTree = "<group>"; };
		BE4BC5081EC41A2700A5ED74 /* LearnOpenGLESViewController_5.h */ = {isa = PBXFileReference; fileEncoding = 4; lastKnownFileType = sourcecode.c.h; path = LearnOpenGLESViewController_5.h; sourceTree = "<group>"; };
		BE4BC5091EC41A2700A5ED74 /* LearnOpenGLESViewController_5.m */ = {isa = PBXFileReference; fileEncoding = 4; lastKnownFileType = sourcecode.c.objc; path = LearnOpenGLESViewController_5.m; sourceTree = "<group>"; };
		BE5F0E731EC47D9B0012E003 /* fragmentShader1.glsl */ = {isa = PBXFileReference; fileEncoding = 4; lastKnownFileType = text; path = fragmentShader1.glsl; sourceTree = "<group>"; };
		BE5F0E751EC47DA90012E003 /* vertextShader1.glsl */ = {isa = PBXFileReference; fileEncoding = 4; lastKnownFileType = text; path = vertextShader1.glsl; sourceTree = "<group>"; };
		BE5F0E7A1EC4BF050012E003 /* LearnOpenGLESViewController_6.h */ = {isa = PBXFileReference; fileEncoding = 4; lastKnownFileType = sourcecode.c.h; path = LearnOpenGLESViewController_6.h; sourceTree = "<group>"; };
		BE5F0E7B1EC4BF050012E003 /* LearnOpenGLESViewController_6.m */ = {isa = PBXFileReference; fileEncoding = 4; lastKnownFileType = sourcecode.c.objc; path = LearnOpenGLESViewController_6.m; sourceTree = "<group>"; };
		BE8D5B5E1EC30C99009AAE9A /* GLESMath.c */ = {isa = PBXFileReference; fileEncoding = 4; lastKnownFileType = sourcecode.c.c; path = GLESMath.c; sourceTree = "<group>"; };
		BE8D5B5F1EC30C99009AAE9A /* GLESMath.h */ = {isa = PBXFileReference; fileEncoding = 4; lastKnownFileType = sourcecode.c.h; path = GLESMath.h; sourceTree = "<group>"; };
		BE8D5B601EC30C99009AAE9A /* GLESUtils.h */ = {isa = PBXFileReference; fileEncoding = 4; lastKnownFileType = sourcecode.c.h; path = GLESUtils.h; sourceTree = "<group>"; };
		BE8D5B611EC30C99009AAE9A /* GLESUtils.m */ = {isa = PBXFileReference; fileEncoding = 4; lastKnownFileType = sourcecode.c.objc; path = GLESUtils.m; sourceTree = "<group>"; };
		BE8D5B621EC30C99009AAE9A /* Quaternion.h */ = {isa = PBXFileReference; fileEncoding = 4; lastKnownFileType = sourcecode.c.h; path = Quaternion.h; sourceTree = "<group>"; };
		BE8D5B631EC30C99009AAE9A /* Vector.h */ = {isa = PBXFileReference; fileEncoding = 4; lastKnownFileType = sourcecode.c.h; path = Vector.h; sourceTree = "<group>"; };
		BE8D5B661EC31384009AAE9A /* LearnOpenGLESViewController_4.h */ = {isa = PBXFileReference; fileEncoding = 4; lastKnownFileType = sourcecode.c.h; path = LearnOpenGLESViewController_4.h; sourceTree = "<group>"; };
		BE8D5B671EC31384009AAE9A /* LearnOpenGLESViewController_4.m */ = {isa = PBXFileReference; fileEncoding = 4; lastKnownFileType = sourcecode.c.objc; path = LearnOpenGLESViewController_4.m; sourceTree = "<group>"; };
		BEAE2CAE1EC44C1900F2528D /* pic2.png */ = {isa = PBXFileReference; lastKnownFileType = image.png; path = pic2.png; sourceTree = "<group>"; };
		BEB779751EC5F13600708E0B /* pic.jpg */ = {isa = PBXFileReference; lastKnownFileType = image.jpeg; path = pic.jpg; sourceTree = "<group>"; };
		BECBD7C81EC2B456003C8ADE /* LearnOpenGLESViewController_2.h */ = {isa = PBXFileReference; fileEncoding = 4; lastKnownFileType = sourcecode.c.h; path = LearnOpenGLESViewController_2.h; sourceTree = "<group>"; };
		BECBD7C91EC2B456003C8ADE /* LearnOpenGLESViewController_2.m */ = {isa = PBXFileReference; fileEncoding = 4; lastKnownFileType = sourcecode.c.objc; path = LearnOpenGLESViewController_2.m; sourceTree = "<group>"; };
		BECBD7CB1EC2B90E003C8ADE /* LearnOpenGLESViewController_3.h */ = {isa = PBXFileReference; fileEncoding = 4; lastKnownFileType = sourcecode.c.h; path = LearnOpenGLESViewController_3.h; sourceTree = "<group>"; };
		BECBD7CC1EC2B90E003C8ADE /* LearnOpenGLESViewController_3.m */ = {isa = PBXFileReference; fileEncoding = 4; lastKnownFileType = sourcecode.c.objc; path = LearnOpenGLESViewController_3.m; sourceTree = "<group>"; };
		BEEA8CAB1EC58D77001176FC /* vertexShader2.glsl */ = {isa = PBXFileReference; fileEncoding = 4; lastKnownFileType = text; path = vertexShader2.glsl; sourceTree = "<group>"; };
		BEEA8CAD1EC58DBC001176FC /* fragmentShader2.glsl */ = {isa = PBXFileReference; fileEncoding = 4; lastKnownFileType = text; path = fragmentShader2.glsl; sourceTree = "<group>"; };
		BEEA8CAF1EC5B856001176FC /* LearnOpenGLESViewController_7.h */ = {isa = PBXFileReference; fileEncoding = 4; lastKnownFileType = sourcecode.c.h; path = LearnOpenGLESViewController_7.h; sourceTree = "<group>"; };
		BEEA8CB01EC5B856001176FC /* LearnOpenGLESViewController_7.m */ = {isa = PBXFileReference; fileEncoding = 4; lastKnownFileType = sourcecode.c.objc; path = LearnOpenGLESViewController_7.m; sourceTree = "<group>"; };
		BEEA8CB21EC5BA0E001176FC /* skybox0.png */ = {isa = PBXFileReference; lastKnownFileType = image.png; path = skybox0.png; sourceTree = "<group>"; };
/* End PBXFileReference section */

/* Begin PBXFrameworksBuildPhase section */
		4275A3A31EC21C89005A2C4A /* Frameworks */ = {
			isa = PBXFrameworksBuildPhase;
			buildActionMask = 2147483647;
			files = (
			);
			runOnlyForDeploymentPostprocessing = 0;
		};
/* End PBXFrameworksBuildPhase section */

/* Begin PBXGroup section */
		4275A39D1EC21C89005A2C4A = {
			isa = PBXGroup;
			children = (
				4275A3A81EC21C89005A2C4A /* LearnOpenGLES */,
				4275A3A71EC21C89005A2C4A /* Products */,
			);
			sourceTree = "<group>";
		};
		4275A3A71EC21C89005A2C4A /* Products */ = {
			isa = PBXGroup;
			children = (
				4275A3A61EC21C89005A2C4A /* LearnOpenGLES.app */,
			);
			name = Products;
			sourceTree = "<group>";
		};
		4275A3A81EC21C89005A2C4A /* LearnOpenGLES */ = {
			isa = PBXGroup;
			children = (
				BE4BC5041EC419BF00A5ED74 /* Resource */,
				BE4BC5071EC419F800A5ED74 /* GLMath */,
				BE4BC5051EC419CA00A5ED74 /* Commons */,
				4275A3AF1EC21C89005A2C4A /* ViewController.h */,
				4275A3B01EC21C89005A2C4A /* ViewController.m */,
				4275A3C01EC21F17005A2C4A /* LearnOpenGLESViewController_1.h */,
				4275A3C11EC21F17005A2C4A /* LearnOpenGLESViewController_1.m */,
				BECBD7C81EC2B456003C8ADE /* LearnOpenGLESViewController_2.h */,
				BECBD7C91EC2B456003C8ADE /* LearnOpenGLESViewController_2.m */,
				BEEA8CAB1EC58D77001176FC /* vertexShader2.glsl */,
				BEEA8CAD1EC58DBC001176FC /* fragmentShader2.glsl */,
				BECBD7CB1EC2B90E003C8ADE /* LearnOpenGLESViewController_3.h */,
				BECBD7CC1EC2B90E003C8ADE /* LearnOpenGLESViewController_3.m */,
				BE4BC4FC1EC3FD8900A5ED74 /* vertextShader.glsl */,
				BE4BC4FE1EC3FD9C00A5ED74 /* fragmentShader.glsl */,
				BE8D5B661EC31384009AAE9A /* LearnOpenGLESViewController_4.h */,
				BE8D5B671EC31384009AAE9A /* LearnOpenGLESViewController_4.m */,
				BE4BC5001EC414AF00A5ED74 /* vs1.glsl */,
				BE4BC5021EC414B800A5ED74 /* fs1.glsl */,
				BE4BC5081EC41A2700A5ED74 /* LearnOpenGLESViewController_5.h */,
				BE4BC5091EC41A2700A5ED74 /* LearnOpenGLESViewController_5.m */,
				BE5F0E751EC47DA90012E003 /* vertextShader1.glsl */,
				BE5F0E731EC47D9B0012E003 /* fragmentShader1.glsl */,
				BE5F0E7A1EC4BF050012E003 /* LearnOpenGLESViewController_6.h */,
				BE5F0E7B1EC4BF050012E003 /* LearnOpenGLESViewController_6.m */,
				BEEA8CAF1EC5B856001176FC /* LearnOpenGLESViewController_7.h */,
				BEEA8CB01EC5B856001176FC /* LearnOpenGLESViewController_7.m */,
				4275A3A91EC21C89005A2C4A /* Supporting Files */,
			);
			path = LearnOpenGLES;
			sourceTree = "<group>";
		};
		4275A3A91EC21C89005A2C4A /* Supporting Files */ = {
			isa = PBXGroup;
			children = (
				4275A3AC1EC21C89005A2C4A /* AppDelegate.h */,
				4275A3AD1EC21C89005A2C4A /* AppDelegate.m */,
				4275A3B21EC21C89005A2C4A /* Main.storyboard */,
				4275A3B51EC21C89005A2C4A /* Assets.xcassets */,
				4275A3B71EC21C89005A2C4A /* LaunchScreen.storyboard */,
				4275A3BA1EC21C89005A2C4A /* Info.plist */,
				4275A3AA1EC21C89005A2C4A /* main.m */,
			);
			name = "Supporting Files";
			sourceTree = "<group>";
		};
		BE4BC5041EC419BF00A5ED74 /* Resource */ = {
			isa = PBXGroup;
			children = (
				BEB779751EC5F13600708E0B /* pic.jpg */,
				BEEA8CB21EC5BA0E001176FC /* skybox0.png */,
				BEAE2CAE1EC44C1900F2528D /* pic2.png */,
			);
			name = Resource;
			sourceTree = "<group>";
		};
		BE4BC5051EC419CA00A5ED74 /* Commons */ = {
			isa = PBXGroup;
			children = (
				4275A3C31EC22025005A2C4A /* CustomShader.h */,
				4275A3C41EC22025005A2C4A /* CustomShader.m */,
				4275A3D01EC2387C005A2C4A /* TextureHelper.h */,
				4275A3D11EC2387C005A2C4A /* TextureHelper.m */,
				4275A3C61EC228BC005A2C4A /* CustomGLKView.h */,
				4275A3C71EC228BC005A2C4A /* CustomGLKView.m */,
			);
			name = Commons;
			sourceTree = "<group>";
		};
		BE4BC5071EC419F800A5ED74 /* GLMath */ = {
			isa = PBXGroup;
			children = (
				BE8D5B5E1EC30C99009AAE9A /* GLESMath.c */,
				BE8D5B5F1EC30C99009AAE9A /* GLESMath.h */,
				BE8D5B601EC30C99009AAE9A /* GLESUtils.h */,
				BE8D5B611EC30C99009AAE9A /* GLESUtils.m */,
				BE8D5B621EC30C99009AAE9A /* Quaternion.h */,
				BE8D5B631EC30C99009AAE9A /* Vector.h */,
			);
			name = GLMath;
			sourceTree = "<group>";
		};
/* End PBXGroup section */

/* Begin PBXNativeTarget section */
		4275A3A51EC21C89005A2C4A /* LearnOpenGLES */ = {
			isa = PBXNativeTarget;
			buildConfigurationList = 4275A3BD1EC21C89005A2C4A /* Build configuration list for PBXNativeTarget "LearnOpenGLES" */;
			buildPhases = (
				4275A3A21EC21C89005A2C4A /* Sources */,
				4275A3A31EC21C89005A2C4A /* Frameworks */,
				4275A3A41EC21C89005A2C4A /* Resources */,
			);
			buildRules = (
			);
			dependencies = (
			);
			name = LearnOpenGLES;
			productName = LearnOpenGLES;
			productReference = 4275A3A61EC21C89005A2C4A /* LearnOpenGLES.app */;
			productType = "com.apple.product-type.application";
		};
/* End PBXNativeTarget section */

/* Begin PBXProject section */
		4275A39E1EC21C89005A2C4A /* Project object */ = {
			isa = PBXProject;
			attributes = {
				LastUpgradeCheck = 0820;
				ORGANIZATIONNAME = waynezxcv;
				TargetAttributes = {
					4275A3A51EC21C89005A2C4A = {
						CreatedOnToolsVersion = 8.2.1;
						DevelopmentTeam = 7UL3LRJL93;
						ProvisioningStyle = Manual;
					};
				};
			};
			buildConfigurationList = 4275A3A11EC21C89005A2C4A /* Build configuration list for PBXProject "LearnOpenGLES" */;
			compatibilityVersion = "Xcode 3.2";
			developmentRegion = English;
			hasScannedForEncodings = 0;
			knownRegions = (
				en,
				Base,
			);
			mainGroup = 4275A39D1EC21C89005A2C4A;
			productRefGroup = 4275A3A71EC21C89005A2C4A /* Products */;
			projectDirPath = "";
			projectRoot = "";
			targets = (
				4275A3A51EC21C89005A2C4A /* LearnOpenGLES */,
			);
		};
/* End PBXProject section */

/* Begin PBXResourcesBuildPhase section */
		4275A3A41EC21C89005A2C4A /* Resources */ = {
			isa = PBXResourcesBuildPhase;
			buildActionMask = 2147483647;
			files = (
				BEB779761EC5F13600708E0B /* pic.jpg in Resources */,
				BE4BC4FD1EC3FD8900A5ED74 /* vertextShader.glsl in Resources */,
				4275A3B91EC21C89005A2C4A /* LaunchScreen.storyboard in Resources */,
				4275A3B61EC21C89005A2C4A /* Assets.xcassets in Resources */,
				BEEA8CAE1EC58DBC001176FC /* fragmentShader2.glsl in Resources */,
				BEEA8CAC1EC58D77001176FC /* vertexShader2.glsl in Resources */,
				BE5F0E761EC47DA90012E003 /* vertextShader1.glsl in Resources */,
				4275A3B41EC21C89005A2C4A /* Main.storyboard in Resources */,
				BE5F0E741EC47D9B0012E003 /* fragmentShader1.glsl in Resources */,
				BE4BC5031EC414B800A5ED74 /* fs1.glsl in Resources */,
				BE4BC5011EC414AF00A5ED74 /* vs1.glsl in Resources */,
				BE4BC4FF1EC3FD9C00A5ED74 /* fragmentShader.glsl in Resources */,
				BEEA8CB31EC5BA0E001176FC /* skybox0.png in Resources */,
				BEAE2CAF1EC44C1900F2528D /* pic2.png in Resources */,
			);
			runOnlyForDeploymentPostprocessing = 0;
		};
/* End PBXResourcesBuildPhase section */

/* Begin PBXSourcesBuildPhase section */
		4275A3A21EC21C89005A2C4A /* Sources */ = {
			isa = PBXSourcesBuildPhase;
			buildActionMask = 2147483647;
			files = (
				4275A3D21EC2387C005A2C4A /* TextureHelper.m in Sources */,
				BECBD7CA1EC2B456003C8ADE /* LearnOpenGLESViewController_2.m in Sources */,
				4275A3C81EC228BC005A2C4A /* CustomGLKView.m in Sources */,
				BE8D5B641EC30C99009AAE9A /* GLESMath.c in Sources */,
				BE4BC50A1EC41A2700A5ED74 /* LearnOpenGLESViewController_5.m in Sources */,
				4275A3C21EC21F17005A2C4A /* LearnOpenGLESViewController_1.m in Sources */,
				4275A3B11EC21C89005A2C4A /* ViewController.m in Sources */,
				4275A3AE1EC21C89005A2C4A /* AppDelegate.m in Sources */,
				BE8D5B681EC31384009AAE9A /* LearnOpenGLESViewController_4.m in Sources */,
				4275A3AB1EC21C89005A2C4A /* main.m in Sources */,
				BECBD7CD1EC2B90E003C8ADE /* LearnOpenGLESViewController_3.m in Sources */,
				4275A3C51EC22025005A2C4A /* CustomShader.m in Sources */,
				BE5F0E7C1EC4BF050012E003 /* LearnOpenGLESViewController_6.m in Sources */,
				BE8D5B651EC30C99009AAE9A /* GLESUtils.m in Sources */,
				BEEA8CB11EC5B856001176FC /* LearnOpenGLESViewController_7.m in Sources */,
			);
			runOnlyForDeploymentPostprocessing = 0;
		};
/* End PBXSourcesBuildPhase section */

/* Begin PBXVariantGroup section */
		4275A3B21EC21C89005A2C4A /* Main.storyboard */ = {
			isa = PBXVariantGroup;
			children = (
				4275A3B31EC21C89005A2C4A /* Base */,
			);
			name = Main.storyboard;
			sourceTree = "<group>";
		};
		4275A3B71EC21C89005A2C4A /* LaunchScreen.storyboard */ = {
			isa = PBXVariantGroup;
			children = (
				4275A3B81EC21C89005A2C4A /* Base */,
			);
			name = LaunchScreen.storyboard;
			sourceTree = "<group>";
		};
/* End PBXVariantGroup section */

/* Begin XCBuildConfiguration section */
		4275A3BB1EC21C89005A2C4A /* Debug */ = {
			isa = XCBuildConfiguration;
			buildSettings = {
				ALWAYS_SEARCH_USER_PATHS = NO;
				CLANG_ANALYZER_NONNULL = YES;
				CLANG_CXX_LANGUAGE_STANDARD = "gnu++0x";
				CLANG_CXX_LIBRARY = "libc++";
				CLANG_ENABLE_MODULES = YES;
				CLANG_ENABLE_OBJC_ARC = YES;
				CLANG_WARN_BOOL_CONVERSION = YES;
				CLANG_WARN_CONSTANT_CONVERSION = YES;
				CLANG_WARN_DIRECT_OBJC_ISA_USAGE = YES_ERROR;
				CLANG_WARN_DOCUMENTATION_COMMENTS = YES;
				CLANG_WARN_EMPTY_BODY = YES;
				CLANG_WARN_ENUM_CONVERSION = YES;
				CLANG_WARN_INFINITE_RECURSION = YES;
				CLANG_WARN_INT_CONVERSION = YES;
				CLANG_WARN_OBJC_ROOT_CLASS = YES_ERROR;
				CLANG_WARN_SUSPICIOUS_MOVE = YES;
				CLANG_WARN_UNREACHABLE_CODE = YES;
				CLANG_WARN__DUPLICATE_METHOD_MATCH = YES;
				"CODE_SIGN_IDENTITY[sdk=iphoneos*]" = "iPhone Developer";
				COPY_PHASE_STRIP = NO;
				DEBUG_INFORMATION_FORMAT = dwarf;
				ENABLE_STRICT_OBJC_MSGSEND = YES;
				ENABLE_TESTABILITY = YES;
				GCC_C_LANGUAGE_STANDARD = gnu99;
				GCC_DYNAMIC_NO_PIC = NO;
				GCC_NO_COMMON_BLOCKS = YES;
				GCC_OPTIMIZATION_LEVEL = 0;
				GCC_PREPROCESSOR_DEFINITIONS = (
					"DEBUG=1",
					"$(inherited)",
				);
				GCC_WARN_64_TO_32_BIT_CONVERSION = YES;
				GCC_WARN_ABOUT_RETURN_TYPE = YES_ERROR;
				GCC_WARN_UNDECLARED_SELECTOR = YES;
				GCC_WARN_UNINITIALIZED_AUTOS = YES_AGGRESSIVE;
				GCC_WARN_UNUSED_FUNCTION = YES;
				GCC_WARN_UNUSED_VARIABLE = YES;
				IPHONEOS_DEPLOYMENT_TARGET = 10.2;
				MTL_ENABLE_DEBUG_INFO = YES;
				ONLY_ACTIVE_ARCH = YES;
				SDKROOT = iphoneos;
			};
			name = Debug;
		};
		4275A3BC1EC21C89005A2C4A /* Release */ = {
			isa = XCBuildConfiguration;
			buildSettings = {
				ALWAYS_SEARCH_USER_PATHS = NO;
				CLANG_ANALYZER_NONNULL = YES;
				CLANG_CXX_LANGUAGE_STANDARD = "gnu++0x";
				CLANG_CXX_LIBRARY = "libc++";
				CLANG_ENABLE_MODULES = YES;
				CLANG_ENABLE_OBJC_ARC = YES;
				CLANG_WARN_BOOL_CONVERSION = YES;
				CLANG_WARN_CONSTANT_CONVERSION = YES;
				CLANG_WARN_DIRECT_OBJC_ISA_USAGE = YES_ERROR;
				CLANG_WARN_DOCUMENTATION_COMMENTS = YES;
				CLANG_WARN_EMPTY_BODY = YES;
				CLANG_WARN_ENUM_CONVERSION = YES;
				CLANG_WARN_INFINITE_RECURSION = YES;
				CLANG_WARN_INT_CONVERSION = YES;
				CLANG_WARN_OBJC_ROOT_CLASS = YES_ERROR;
				CLANG_WARN_SUSPICIOUS_MOVE = YES;
				CLANG_WARN_UNREACHABLE_CODE = YES;
				CLANG_WARN__DUPLICATE_METHOD_MATCH = YES;
				"CODE_SIGN_IDENTITY[sdk=iphoneos*]" = "iPhone Developer";
				COPY_PHASE_STRIP = NO;
				DEBUG_INFORMATION_FORMAT = "dwarf-with-dsym";
				ENABLE_NS_ASSERTIONS = NO;
				ENABLE_STRICT_OBJC_MSGSEND = YES;
				GCC_C_LANGUAGE_STANDARD = gnu99;
				GCC_NO_COMMON_BLOCKS = YES;
				GCC_WARN_64_TO_32_BIT_CONVERSION = YES;
				GCC_WARN_ABOUT_RETURN_TYPE = YES_ERROR;
				GCC_WARN_UNDECLARED_SELECTOR = YES;
				GCC_WARN_UNINITIALIZED_AUTOS = YES_AGGRESSIVE;
				GCC_WARN_UNUSED_FUNCTION = YES;
				GCC_WARN_UNUSED_VARIABLE = YES;
				IPHONEOS_DEPLOYMENT_TARGET = 10.2;
				MTL_ENABLE_DEBUG_INFO = NO;
				SDKROOT = iphoneos;
				VALIDATE_PRODUCT = YES;
			};
			name = Release;
		};
		4275A3BE1EC21C89005A2C4A /* Debug */ = {
			isa = XCBuildConfiguration;
			buildSettings = {
				ASSETCATALOG_COMPILER_APPICON_NAME = AppIcon;
				DEVELOPMENT_TEAM = 7UL3LRJL93;
				INFOPLIST_FILE = LearnOpenGLES/Info.plist;
				LD_RUNPATH_SEARCH_PATHS = "$(inherited) @executable_path/Frameworks";
				PRODUCT_BUNDLE_IDENTIFIER = com.waynezxcv.LearnOpenGLES;
				PRODUCT_NAME = "$(TARGET_NAME)";
				PROVISIONING_PROFILE = "d9e05519-cba6-4920-81da-3811c7859555";
				PROVISIONING_PROFILE_SPECIFIER = "dji develop";
			};
			name = Debug;
		};
		4275A3BF1EC21C89005A2C4A /* Release */ = {
			isa = XCBuildConfiguration;
			buildSettings = {
				ASSETCATALOG_COMPILER_APPICON_NAME = AppIcon;
				DEVELOPMENT_TEAM = 7UL3LRJL93;
				INFOPLIST_FILE = LearnOpenGLES/Info.plist;
				LD_RUNPATH_SEARCH_PATHS = "$(inherited) @executable_path/Frameworks";
				PRODUCT_BUNDLE_IDENTIFIER = com.waynezxcv.LearnOpenGLES;
				PRODUCT_NAME = "$(TARGET_NAME)";
				PROVISIONING_PROFILE = "d9e05519-cba6-4920-81da-3811c7859555";
				PROVISIONING_PROFILE_SPECIFIER = "dji develop";
			};
			name = Release;
		};
/* End XCBuildConfiguration section */

/* Begin XCConfigurationList section */
		4275A3A11EC21C89005A2C4A /* Build configuration list for PBXProject "LearnOpenGLES" */ = {
			isa = XCConfigurationList;
			buildConfigurations = (
				4275A3BB1EC21C89005A2C4A /* Debug */,
				4275A3BC1EC21C89005A2C4A /* Release */,
			);
			defaultConfigurationIsVisible = 0;
			defaultConfigurationName = Release;
		};
		4275A3BD1EC21C89005A2C4A /* Build configuration list for PBXNativeTarget "LearnOpenGLES" */ = {
			isa = XCConfigurationList;
			buildConfigurations = (
				4275A3BE1EC21C89005A2C4A /* Debug */,
				4275A3BF1EC21C89005A2C4A /* Release */,
			);
			defaultConfigurationIsVisible = 0;
			defaultConfigurationName = Release;
		};
/* End XCConfigurationList section */
	};
	rootObject = 4275A39E1EC21C89005A2C4A /* Project object */;
}
